
Microsoft Visual Studio Solution File, Format Version 12.00
# Visual Studio Version 17
VisualStudioVersion = 17.2.32616.157
MinimumVisualStudioVersion = 10.0.40219.1
Project("{FAE04EC0-301F-11D3-BF4B-00C04F79EFBC}") = "Orders", "Orders\Orders.csproj", "{A1C98AA8-6D62-4C6D-B13C-A22ED85A9F31}"
EndProject
Global
	GlobalSection(SolutionConfigurationPlatforms) = preSolution
		Debug|Any CPU = Debug|Any CPU
		Release|Any CPU = Release|Any CPU
	EndGlobalSection
	GlobalSection(ProjectConfigurationPlatforms) = postSolution
		{A1C98AA8-6D62-4C6D-B13C-A22ED85A9F31}.Debug|Any CPU.ActiveCfg = Debug|Any CPU
		{A1C98AA8-6D62-4C6D-B13C-A22ED85A9F31}.Debug|Any CPU.Build.0 = Debug|Any CPU
		{A1C98AA8-6D62-4C6D-B13C-A22ED85A9F31}.Release|Any CPU.ActiveCfg = Release|Any CPU
		{A1C98AA8-6D62-4C6D-B13C-A22ED85A9F31}.Release|Any CPU.Build.0 = Release|Any CPU
	EndGlobalSection
	GlobalSection(SolutionProperties) = preSolution
		HideSolutionNode = FALSE
	EndGlobalSection
	GlobalSection(ExtensibilityGlobals) = postSolution
		SolutionGuid = {7F6EF5EC-0DAA-4A6D-899D-A6FE912B6730}
	EndGlobalSection
EndGlobal
